// !$*UTF8*$!
{
	archiveVersion = 1;
	classes = {
	};
	objectVersion = 51;
	objects = {

/* Begin PBXBuildFile section */
		183042CB26720E8900E6A29A /* AppDelegate.swift in Sources */ = {isa = PBXBuildFile; fileRef = 183042CA26720E8900E6A29A /* AppDelegate.swift */; };
		183042D426720E8B00E6A29A /* Assets.xcassets in Resources */ = {isa = PBXBuildFile; fileRef = 183042D326720E8B00E6A29A /* Assets.xcassets */; };
		6A28A73AB43CE01DE80F335B /* Pods_Gethingd.framework in Frameworks */ = {isa = PBXBuildFile; fileRef = D9F5AD948B2005A04BB9EEB2 /* Pods_Gethingd.framework */; };
		9F1F70C1268B597600097F7E /* ReviewLaterVC.swift in Sources */ = {isa = PBXBuildFile; fileRef = 9F1F70C0268B597500097F7E /* ReviewLaterVC.swift */; };
		9F1F70C8268B599700097F7E /* ReviewLater.storyboard in Resources */ = {isa = PBXBuildFile; fileRef = 9F1F70C7268B599700097F7E /* ReviewLater.storyboard */; };
		9F48A6232692CB23007A6046 /* EditProfileVC.swift in Sources */ = {isa = PBXBuildFile; fileRef = 9F48A6222692CB23007A6046 /* EditProfileVC.swift */; };
		9F48A6702692E4E0007A6046 /* TagListVC.swift in Sources */ = {isa = PBXBuildFile; fileRef = 9F48A66F2692E4E0007A6046 /* TagListVC.swift */; };
		9F53C08E269322AA0058D21B /* ProfilePhotoCollectionCell.swift in Sources */ = {isa = PBXBuildFile; fileRef = 9F53C08C269322AA0058D21B /* ProfilePhotoCollectionCell.swift */; };
		9F53C08F269322AA0058D21B /* ProfilePhotoCollectionCell.xib in Resources */ = {isa = PBXBuildFile; fileRef = 9F53C08D269322AA0058D21B /* ProfilePhotoCollectionCell.xib */; };
		9F6804B2269471F800C1C812 /* PolicyVerificationVC.swift in Sources */ = {isa = PBXBuildFile; fileRef = 9F6804B1269471F800C1C812 /* PolicyVerificationVC.swift */; };
		9F6938D4268D7DE200C57FCF /* MatchesVC.swift in Sources */ = {isa = PBXBuildFile; fileRef = 9F6938D3268D7DE200C57FCF /* MatchesVC.swift */; };
		9F6938D7268D7E3A00C57FCF /* MessageVC1.swift in Sources */ = {isa = PBXBuildFile; fileRef = 9F6938D6268D7E3A00C57FCF /* MessageVC1.swift */; };
		9F6938DA268D7E7A00C57FCF /* WholikedVC.swift in Sources */ = {isa = PBXBuildFile; fileRef = 9F6938D9268D7E7A00C57FCF /* WholikedVC.swift */; };
		9F6938DE268D80ED00C57FCF /* MainchatVC.swift in Sources */ = {isa = PBXBuildFile; fileRef = 9F6938DD268D80ED00C57FCF /* MainchatVC.swift */; };
		9F7F723A2685959A009C46E9 /* ReportVC.swift in Sources */ = {isa = PBXBuildFile; fileRef = 9F7F72172685959A009C46E9 /* ReportVC.swift */; };
		9F7F723B2685959A009C46E9 /* UpdateNowVC.swift in Sources */ = {isa = PBXBuildFile; fileRef = 9F7F72192685959A009C46E9 /* UpdateNowVC.swift */; };
		9F7F723C2685959A009C46E9 /* SuperLikeAddVC.swift in Sources */ = {isa = PBXBuildFile; fileRef = 9F7F721A2685959A009C46E9 /* SuperLikeAddVC.swift */; };
		9F7F723D2685959A009C46E9 /* UpgradePlanInfoVC.swift in Sources */ = {isa = PBXBuildFile; fileRef = 9F7F721B2685959A009C46E9 /* UpgradePlanInfoVC.swift */; };
		9F7F723E2685959A009C46E9 /* UpgradeVC.swift in Sources */ = {isa = PBXBuildFile; fileRef = 9F7F721C2685959A009C46E9 /* UpgradeVC.swift */; };
		9F7F723F2685959A009C46E9 /* UserDetailsTVC.swift in Sources */ = {isa = PBXBuildFile; fileRef = 9F7F721E2685959A009C46E9 /* UserDetailsTVC.swift */; };
		9F7F72402685959A009C46E9 /* InstagramFeedVC.swift in Sources */ = {isa = PBXBuildFile; fileRef = 9F7F721F2685959A009C46E9 /* InstagramFeedVC.swift */; };
		9F7F72412685959B009C46E9 /* DiscoverVC.swift in Sources */ = {isa = PBXBuildFile; fileRef = 9F7F72202685959A009C46E9 /* DiscoverVC.swift */; };
		9F7F72422685959B009C46E9 /* FilterTVC.swift in Sources */ = {isa = PBXBuildFile; fileRef = 9F7F72212685959A009C46E9 /* FilterTVC.swift */; };
		9F7F72432685959B009C46E9 /* MatchUserVC.swift in Sources */ = {isa = PBXBuildFile; fileRef = 9F7F72222685959A009C46E9 /* MatchUserVC.swift */; };
		9F7F72442685959B009C46E9 /* Message.swift in Sources */ = {isa = PBXBuildFile; fileRef = 9F7F72252685959A009C46E9 /* Message.swift */; };
		9F7F72452685959B009C46E9 /* MessageVC.swift in Sources */ = {isa = PBXBuildFile; fileRef = 9F7F72262685959A009C46E9 /* MessageVC.swift */; };
		9F7F72462685959B009C46E9 /* ChatUser.swift in Sources */ = {isa = PBXBuildFile; fileRef = 9F7F72272685959A009C46E9 /* ChatUser.swift */; };
		9F7F72472685959B009C46E9 /* MessagesFlowLayout.swift in Sources */ = {isa = PBXBuildFile; fileRef = 9F7F72282685959A009C46E9 /* MessagesFlowLayout.swift */; };
		9F7F72482685959B009C46E9 /* MessageCell.swift in Sources */ = {isa = PBXBuildFile; fileRef = 9F7F72292685959A009C46E9 /* MessageCell.swift */; };
		9F7F72492685959B009C46E9 /* ChatVC.swift in Sources */ = {isa = PBXBuildFile; fileRef = 9F7F722A2685959A009C46E9 /* ChatVC.swift */; };
		9F7F724A2685959B009C46E9 /* MainTabBarController.swift in Sources */ = {isa = PBXBuildFile; fileRef = 9F7F722B2685959A009C46E9 /* MainTabBarController.swift */; };
		9F7F724B2685959B009C46E9 /* ProfileTVC.swift in Sources */ = {isa = PBXBuildFile; fileRef = 9F7F722D2685959A009C46E9 /* ProfileTVC.swift */; };
		9F7F724C2685959B009C46E9 /* CreateProfileTVC.swift in Sources */ = {isa = PBXBuildFile; fileRef = 9F7F722E2685959A009C46E9 /* CreateProfileTVC.swift */; };
		9F7F724F2685959B009C46E9 /* NotificationVC.swift in Sources */ = {isa = PBXBuildFile; fileRef = 9F7F72322685959A009C46E9 /* NotificationVC.swift */; };
		9F7F72502685959B009C46E9 /* VerificationVC.swift in Sources */ = {isa = PBXBuildFile; fileRef = 9F7F72342685959A009C46E9 /* VerificationVC.swift */; };
		9F7F72512685959B009C46E9 /* ForgotPasswordVC.swift in Sources */ = {isa = PBXBuildFile; fileRef = 9F7F72352685959A009C46E9 /* ForgotPasswordVC.swift */; };
		9F7F72522685959B009C46E9 /* VerifyEmailVC.swift in Sources */ = {isa = PBXBuildFile; fileRef = 9F7F72362685959A009C46E9 /* VerifyEmailVC.swift */; };
		9F7F72532685959B009C46E9 /* ChangePasswordVC.swift in Sources */ = {isa = PBXBuildFile; fileRef = 9F7F72372685959A009C46E9 /* ChangePasswordVC.swift */; };
		9F7F72542685959B009C46E9 /* SignInVC.swift in Sources */ = {isa = PBXBuildFile; fileRef = 9F7F72382685959A009C46E9 /* SignInVC.swift */; };
		9F7F72552685959B009C46E9 /* SignUpVC.swift in Sources */ = {isa = PBXBuildFile; fileRef = 9F7F72392685959A009C46E9 /* SignUpVC.swift */; };
		9FD6CD0326846764002EF5BD /* Constants.swift in Sources */ = {isa = PBXBuildFile; fileRef = 9FD6CCF126846764002EF5BD /* Constants.swift */; };
		9FD6CD0426846764002EF5BD /* AppCell.swift in Sources */ = {isa = PBXBuildFile; fileRef = 9FD6CCF226846764002EF5BD /* AppCell.swift */; };
		9FD6CD0526846764002EF5BD /* AppUserDefaults.swift in Sources */ = {isa = PBXBuildFile; fileRef = 9FD6CCF326846764002EF5BD /* AppUserDefaults.swift */; };
		9FD6CD0626846764002EF5BD /* IAPManager.swift in Sources */ = {isa = PBXBuildFile; fileRef = 9FD6CCF426846764002EF5BD /* IAPManager.swift */; };
		9FD6CD0726846764002EF5BD /* ColorModel.swift in Sources */ = {isa = PBXBuildFile; fileRef = 9FD6CCF526846764002EF5BD /* ColorModel.swift */; };
		9FD6CD0826846764002EF5BD /* ImagePicker.swift in Sources */ = {isa = PBXBuildFile; fileRef = 9FD6CCF726846764002EF5BD /* ImagePicker.swift */; };
		9FD6CD0926846764002EF5BD /* VideoPicker.swift in Sources */ = {isa = PBXBuildFile; fileRef = 9FD6CCF826846764002EF5BD /* VideoPicker.swift */; };
		9FD6CD0A26846764002EF5BD /* UINavigationController+Ext.swift in Sources */ = {isa = PBXBuildFile; fileRef = 9FD6CCFA26846764002EF5BD /* UINavigationController+Ext.swift */; };
		9FD6CD0B26846764002EF5BD /* String+Ext.swift in Sources */ = {isa = PBXBuildFile; fileRef = 9FD6CCFB26846764002EF5BD /* String+Ext.swift */; };
		9FD6CD0C26846764002EF5BD /* UIView+Inspectable.swift in Sources */ = {isa = PBXBuildFile; fileRef = 9FD6CCFC26846764002EF5BD /* UIView+Inspectable.swift */; };
		9FD6CD0D26846764002EF5BD /* Alert+Extension.swift in Sources */ = {isa = PBXBuildFile; fileRef = 9FD6CCFD26846764002EF5BD /* Alert+Extension.swift */; };
		9FD6CD0E26846764002EF5BD /* UIKit+Ext.swift in Sources */ = {isa = PBXBuildFile; fileRef = 9FD6CCFE26846764002EF5BD /* UIKit+Ext.swift */; };
		9FD6CD0F26846764002EF5BD /* UIController+Ext.swift in Sources */ = {isa = PBXBuildFile; fileRef = 9FD6CCFF26846764002EF5BD /* UIController+Ext.swift */; };
		9FD6CD1026846764002EF5BD /* AppStoryboard.swift in Sources */ = {isa = PBXBuildFile; fileRef = 9FD6CD0026846764002EF5BD /* AppStoryboard.swift */; };
		9FD6CD1126846764002EF5BD /* AppSupport.swift in Sources */ = {isa = PBXBuildFile; fileRef = 9FD6CD0126846764002EF5BD /* AppSupport.swift */; };
		9FD6CD1226846764002EF5BD /* AppFonts.swift in Sources */ = {isa = PBXBuildFile; fileRef = 9FD6CD0226846764002EF5BD /* AppFonts.swift */; };
		9FD6CD49268489EB002EF5BD /* NetworkCaller.swift in Sources */ = {isa = PBXBuildFile; fileRef = 9FD6CD46268489EB002EF5BD /* NetworkCaller.swift */; };
		9FD6CD4A268489EB002EF5BD /* NetworkManager.swift in Sources */ = {isa = PBXBuildFile; fileRef = 9FD6CD47268489EB002EF5BD /* NetworkManager.swift */; };
		9FD6CD4B268489EB002EF5BD /* URLManager.swift in Sources */ = {isa = PBXBuildFile; fileRef = 9FD6CD48268489EB002EF5BD /* URLManager.swift */; };
		9FD6CD9F26848C7D002EF5BD /* UserConversation.swift in Sources */ = {isa = PBXBuildFile; fileRef = 9FD6CD9426848C7C002EF5BD /* UserConversation.swift */; };
		9FD6CDA026848C7D002EF5BD /* Zodic.swift in Sources */ = {isa = PBXBuildFile; fileRef = 9FD6CD9526848C7C002EF5BD /* Zodic.swift */; };
		9FD6CDA126848C7D002EF5BD /* MatchDetails.swift in Sources */ = {isa = PBXBuildFile; fileRef = 9FD6CD9626848C7C002EF5BD /* MatchDetails.swift */; };
		9FD6CDA226848C7D002EF5BD /* PassLocation.swift in Sources */ = {isa = PBXBuildFile; fileRef = 9FD6CD9726848C7D002EF5BD /* PassLocation.swift */; };
		9FD6CDA326848C7D002EF5BD /* InstagramMedia.swift in Sources */ = {isa = PBXBuildFile; fileRef = 9FD6CD9826848C7D002EF5BD /* InstagramMedia.swift */; };
		9FD6CDA426848C7D002EF5BD /* UserProfile.swift in Sources */ = {isa = PBXBuildFile; fileRef = 9FD6CD9926848C7D002EF5BD /* UserProfile.swift */; };
		9FD6CDA526848C7D002EF5BD /* User.swift in Sources */ = {isa = PBXBuildFile; fileRef = 9FD6CD9A26848C7D002EF5BD /* User.swift */; };
		9FD6CDA626848C7D002EF5BD /* SubscriptionPlan.swift in Sources */ = {isa = PBXBuildFile; fileRef = 9FD6CD9B26848C7D002EF5BD /* SubscriptionPlan.swift */; };
		9FD6CDA726848C7D002EF5BD /* Notification.swift in Sources */ = {isa = PBXBuildFile; fileRef = 9FD6CD9C26848C7D002EF5BD /* Notification.swift */; };
		9FD6CDA826848C7D002EF5BD /* Filter.swift in Sources */ = {isa = PBXBuildFile; fileRef = 9FD6CD9D26848C7D002EF5BD /* Filter.swift */; };
		9FD6CDA926848C7D002EF5BD /* ReportReason.swift in Sources */ = {isa = PBXBuildFile; fileRef = 9FD6CD9E26848C7D002EF5BD /* ReportReason.swift */; };
		9FD6CDC626848D2A002EF5BD /* InstaCollectionCell.swift in Sources */ = {isa = PBXBuildFile; fileRef = 9FD6CDAE26848D2A002EF5BD /* InstaCollectionCell.swift */; };
		9FD6CDC726848D2A002EF5BD /* InstaCollectionCell.xib in Resources */ = {isa = PBXBuildFile; fileRef = 9FD6CDAF26848D2A002EF5BD /* InstaCollectionCell.xib */; };
		9FD6CDC826848D2A002EF5BD /* FreshMatchesCell.swift in Sources */ = {isa = PBXBuildFile; fileRef = 9FD6CDB126848D2A002EF5BD /* FreshMatchesCell.swift */; };
		9FD6CDC926848D2A002EF5BD /* FreshMatchesCell.xib in Resources */ = {isa = PBXBuildFile; fileRef = 9FD6CDB226848D2A002EF5BD /* FreshMatchesCell.xib */; };
		9FD6CDCA26848D2A002EF5BD /* SignCell.swift in Sources */ = {isa = PBXBuildFile; fileRef = 9FD6CDB426848D2A002EF5BD /* SignCell.swift */; };
		9FD6CDCB26848D2A002EF5BD /* SignCell.xib in Resources */ = {isa = PBXBuildFile; fileRef = 9FD6CDB526848D2A002EF5BD /* SignCell.xib */; };
		9FD6CDCC26848D2A002EF5BD /* KolodaOverlayView.swift in Sources */ = {isa = PBXBuildFile; fileRef = 9FD6CDB726848D2A002EF5BD /* KolodaOverlayView.swift */; };
		9FD6CDCD26848D2A002EF5BD /* OverlayView.xib in Resources */ = {isa = PBXBuildFile; fileRef = 9FD6CDB826848D2A002EF5BD /* OverlayView.xib */; };
		9FD6CDCE26848D2A002EF5BD /* UserView.swift in Sources */ = {isa = PBXBuildFile; fileRef = 9FD6CDBA26848D2A002EF5BD /* UserView.swift */; };
		9FD6CDCF26848D2A002EF5BD /* UserView.xib in Resources */ = {isa = PBXBuildFile; fileRef = 9FD6CDBB26848D2A002EF5BD /* UserView.xib */; };
		9FD6CDD026848D2A002EF5BD /* NotificationCell.xib in Resources */ = {isa = PBXBuildFile; fileRef = 9FD6CDBE26848D2A002EF5BD /* NotificationCell.xib */; };
		9FD6CDD126848D2A002EF5BD /* NotificationCell.swift in Sources */ = {isa = PBXBuildFile; fileRef = 9FD6CDBF26848D2A002EF5BD /* NotificationCell.swift */; };
		9FD6CDD226848D2A002EF5BD /* ReportReasonCell.xib in Resources */ = {isa = PBXBuildFile; fileRef = 9FD6CDC126848D2A002EF5BD /* ReportReasonCell.xib */; };
		9FD6CDD326848D2A002EF5BD /* ReportReasonCell.swift in Sources */ = {isa = PBXBuildFile; fileRef = 9FD6CDC226848D2A002EF5BD /* ReportReasonCell.swift */; };
		9FD6CDD426848D2A002EF5BD /* UserChatCell.xib in Resources */ = {isa = PBXBuildFile; fileRef = 9FD6CDC426848D2A002EF5BD /* UserChatCell.xib */; };
		9FD6CDD526848D2A002EF5BD /* UserChatCell.swift in Sources */ = {isa = PBXBuildFile; fileRef = 9FD6CDC526848D2A002EF5BD /* UserChatCell.swift */; };
		9FD6CDD926848DB6002EF5BD /* GoogleService-Info.plist in Resources */ = {isa = PBXBuildFile; fileRef = 9FD6CDD826848DB6002EF5BD /* GoogleService-Info.plist */; };
		9FD6CDE626848DF0002EF5BD /* Report.storyboard in Resources */ = {isa = PBXBuildFile; fileRef = 9FD6CDDC26848DF0002EF5BD /* Report.storyboard */; };
		9FD6CDE726848DF0002EF5BD /* Upgrade.storyboard in Resources */ = {isa = PBXBuildFile; fileRef = 9FD6CDDD26848DF0002EF5BD /* Upgrade.storyboard */; };
		9FD6CDE826848DF0002EF5BD /* Profile.storyboard in Resources */ = {isa = PBXBuildFile; fileRef = 9FD6CDDE26848DF0002EF5BD /* Profile.storyboard */; };
		9FD6CDE926848DF0002EF5BD /* LaunchScreen.storyboard in Resources */ = {isa = PBXBuildFile; fileRef = 9FD6CDDF26848DF0002EF5BD /* LaunchScreen.storyboard */; };
		9FD6CDEA26848DF0002EF5BD /* Main.storyboard in Resources */ = {isa = PBXBuildFile; fileRef = 9FD6CDE126848DF0002EF5BD /* Main.storyboard */; };
		9FD6CDEB26848DF0002EF5BD /* Login.storyboard in Resources */ = {isa = PBXBuildFile; fileRef = 9FD6CDE326848DF0002EF5BD /* Login.storyboard */; };
		9FD6CDEC26848DF0002EF5BD /* Chat.storyboard in Resources */ = {isa = PBXBuildFile; fileRef = 9FD6CDE426848DF0002EF5BD /* Chat.storyboard */; };
		9FD6CDED26848DF0002EF5BD /* Discover.storyboard in Resources */ = {isa = PBXBuildFile; fileRef = 9FD6CDE526848DF0002EF5BD /* Discover.storyboard */; };
		9FD6CDF926848EF9002EF5BD /* Poppins-Light.ttf in Resources */ = {isa = PBXBuildFile; fileRef = 9FD6CDF426848EF8002EF5BD /* Poppins-Light.ttf */; };
		9FD6CDFA26848EF9002EF5BD /* Poppins-Medium.ttf in Resources */ = {isa = PBXBuildFile; fileRef = 9FD6CDF526848EF8002EF5BD /* Poppins-Medium.ttf */; };
		9FD6CDFB26848EF9002EF5BD /* Poppins-Regular.ttf in Resources */ = {isa = PBXBuildFile; fileRef = 9FD6CDF626848EF8002EF5BD /* Poppins-Regular.ttf */; };
		9FD6CDFC26848EF9002EF5BD /* Poppins-Bold.ttf in Resources */ = {isa = PBXBuildFile; fileRef = 9FD6CDF726848EF8002EF5BD /* Poppins-Bold.ttf */; };
		9FD6CDFD26848EF9002EF5BD /* Poppins-SemiBold.ttf in Resources */ = {isa = PBXBuildFile; fileRef = 9FD6CDF826848EF8002EF5BD /* Poppins-SemiBold.ttf */; };
		9FF205B126944E0100AC5332 /* Setting.storyboard in Resources */ = {isa = PBXBuildFile; fileRef = 9FF205B026944E0100AC5332 /* Setting.storyboard */; };
		9FF205B426945E4900AC5332 /* SettingVC.swift in Sources */ = {isa = PBXBuildFile; fileRef = 9FF205B326945E4900AC5332 /* SettingVC.swift */; };
/* End PBXBuildFile section */

/* Begin PBXFileReference section */
		183042C726720E8900E6A29A /* Gethingd.app */ = {isa = PBXFileReference; explicitFileType = wrapper.application; includeInIndex = 0; path = Gethingd.app; sourceTree = BUILT_PRODUCTS_DIR; };
		183042CA26720E8900E6A29A /* AppDelegate.swift */ = {isa = PBXFileReference; lastKnownFileType = sourcecode.swift; path = AppDelegate.swift; sourceTree = "<group>"; };
		183042D326720E8B00E6A29A /* Assets.xcassets */ = {isa = PBXFileReference; lastKnownFileType = folder.assetcatalog; path = Assets.xcassets; sourceTree = "<group>"; };
		183042D826720E8B00E6A29A /* Info.plist */ = {isa = PBXFileReference; lastKnownFileType = text.plist.xml; path = Info.plist; sourceTree = "<group>"; };
		2CA5EC62CBB9378181B5FC41 /* Pods-Gethingd.debug.xcconfig */ = {isa = PBXFileReference; includeInIndex = 1; lastKnownFileType = text.xcconfig; name = "Pods-Gethingd.debug.xcconfig"; path = "Target Support Files/Pods-Gethingd/Pods-Gethingd.debug.xcconfig"; sourceTree = "<group>"; };
		65DFBE8CF9BFC095D90B1189 /* Pods-Gethingd.release.xcconfig */ = {isa = PBXFileReference; includeInIndex = 1; lastKnownFileType = text.xcconfig; name = "Pods-Gethingd.release.xcconfig"; path = "Target Support Files/Pods-Gethingd/Pods-Gethingd.release.xcconfig"; sourceTree = "<group>"; };
		9F1F70C0268B597500097F7E /* ReviewLaterVC.swift */ = {isa = PBXFileReference; lastKnownFileType = sourcecode.swift; path = ReviewLaterVC.swift; sourceTree = "<group>"; };
		9F1F70C7268B599700097F7E /* ReviewLater.storyboard */ = {isa = PBXFileReference; lastKnownFileType = file.storyboard; path = ReviewLater.storyboard; sourceTree = "<group>"; };
		9F48A6222692CB23007A6046 /* EditProfileVC.swift */ = {isa = PBXFileReference; lastKnownFileType = sourcecode.swift; path = EditProfileVC.swift; sourceTree = "<group>"; };
		9F48A66F2692E4E0007A6046 /* TagListVC.swift */ = {isa = PBXFileReference; lastKnownFileType = sourcecode.swift; path = TagListVC.swift; sourceTree = "<group>"; };
		9F53C08C269322AA0058D21B /* ProfilePhotoCollectionCell.swift */ = {isa = PBXFileReference; lastKnownFileType = sourcecode.swift; path = ProfilePhotoCollectionCell.swift; sourceTree = "<group>"; };
		9F53C08D269322AA0058D21B /* ProfilePhotoCollectionCell.xib */ = {isa = PBXFileReference; lastKnownFileType = file.xib; path = ProfilePhotoCollectionCell.xib; sourceTree = "<group>"; };
		9F6804B1269471F800C1C812 /* PolicyVerificationVC.swift */ = {isa = PBXFileReference; lastKnownFileType = sourcecode.swift; path = PolicyVerificationVC.swift; sourceTree = "<group>"; };
		9F6938D3268D7DE200C57FCF /* MatchesVC.swift */ = {isa = PBXFileReference; lastKnownFileType = sourcecode.swift; path = MatchesVC.swift; sourceTree = "<group>"; };
		9F6938D6268D7E3A00C57FCF /* MessageVC1.swift */ = {isa = PBXFileReference; lastKnownFileType = sourcecode.swift; path = MessageVC1.swift; sourceTree = "<group>"; };
		9F6938D9268D7E7A00C57FCF /* WholikedVC.swift */ = {isa = PBXFileReference; lastKnownFileType = sourcecode.swift; path = WholikedVC.swift; sourceTree = "<group>"; };
		9F6938DD268D80ED00C57FCF /* MainchatVC.swift */ = {isa = PBXFileReference; lastKnownFileType = sourcecode.swift; path = MainchatVC.swift; sourceTree = "<group>"; };
		9F7F72172685959A009C46E9 /* ReportVC.swift */ = {isa = PBXFileReference; fileEncoding = 4; lastKnownFileType = sourcecode.swift; path = ReportVC.swift; sourceTree = "<group>"; };
		9F7F72192685959A009C46E9 /* UpdateNowVC.swift */ = {isa = PBXFileReference; fileEncoding = 4; lastKnownFileType = sourcecode.swift; path = UpdateNowVC.swift; sourceTree = "<group>"; };
		9F7F721A2685959A009C46E9 /* SuperLikeAddVC.swift */ = {isa = PBXFileReference; fileEncoding = 4; lastKnownFileType = sourcecode.swift; path = SuperLikeAddVC.swift; sourceTree = "<group>"; };
		9F7F721B2685959A009C46E9 /* UpgradePlanInfoVC.swift */ = {isa = PBXFileReference; fileEncoding = 4; lastKnownFileType = sourcecode.swift; path = UpgradePlanInfoVC.swift; sourceTree = "<group>"; };
		9F7F721C2685959A009C46E9 /* UpgradeVC.swift */ = {isa = PBXFileReference; fileEncoding = 4; lastKnownFileType = sourcecode.swift; path = UpgradeVC.swift; sourceTree = "<group>"; };
		9F7F721E2685959A009C46E9 /* UserDetailsTVC.swift */ = {isa = PBXFileReference; fileEncoding = 4; lastKnownFileType = sourcecode.swift; path = UserDetailsTVC.swift; sourceTree = "<group>"; };
		9F7F721F2685959A009C46E9 /* InstagramFeedVC.swift */ = {isa = PBXFileReference; fileEncoding = 4; lastKnownFileType = sourcecode.swift; path = InstagramFeedVC.swift; sourceTree = "<group>"; };
		9F7F72202685959A009C46E9 /* DiscoverVC.swift */ = {isa = PBXFileReference; fileEncoding = 4; lastKnownFileType = sourcecode.swift; path = DiscoverVC.swift; sourceTree = "<group>"; };
		9F7F72212685959A009C46E9 /* FilterTVC.swift */ = {isa = PBXFileReference; fileEncoding = 4; lastKnownFileType = sourcecode.swift; path = FilterTVC.swift; sourceTree = "<group>"; };
		9F7F72222685959A009C46E9 /* MatchUserVC.swift */ = {isa = PBXFileReference; fileEncoding = 4; lastKnownFileType = sourcecode.swift; path = MatchUserVC.swift; sourceTree = "<group>"; };
		9F7F72252685959A009C46E9 /* Message.swift */ = {isa = PBXFileReference; fileEncoding = 4; lastKnownFileType = sourcecode.swift; path = Message.swift; sourceTree = "<group>"; };
		9F7F72262685959A009C46E9 /* MessageVC.swift */ = {isa = PBXFileReference; fileEncoding = 4; lastKnownFileType = sourcecode.swift; path = MessageVC.swift; sourceTree = "<group>"; };
		9F7F72272685959A009C46E9 /* ChatUser.swift */ = {isa = PBXFileReference; fileEncoding = 4; lastKnownFileType = sourcecode.swift; path = ChatUser.swift; sourceTree = "<group>"; };
		9F7F72282685959A009C46E9 /* MessagesFlowLayout.swift */ = {isa = PBXFileReference; fileEncoding = 4; lastKnownFileType = sourcecode.swift; path = MessagesFlowLayout.swift; sourceTree = "<group>"; };
		9F7F72292685959A009C46E9 /* MessageCell.swift */ = {isa = PBXFileReference; fileEncoding = 4; lastKnownFileType = sourcecode.swift; path = MessageCell.swift; sourceTree = "<group>"; };
		9F7F722A2685959A009C46E9 /* ChatVC.swift */ = {isa = PBXFileReference; fileEncoding = 4; lastKnownFileType = sourcecode.swift; path = ChatVC.swift; sourceTree = "<group>"; };
		9F7F722B2685959A009C46E9 /* MainTabBarController.swift */ = {isa = PBXFileReference; fileEncoding = 4; lastKnownFileType = sourcecode.swift; path = MainTabBarController.swift; sourceTree = "<group>"; };
		9F7F722D2685959A009C46E9 /* ProfileTVC.swift */ = {isa = PBXFileReference; fileEncoding = 4; lastKnownFileType = sourcecode.swift; path = ProfileTVC.swift; sourceTree = "<group>"; };
		9F7F722E2685959A009C46E9 /* CreateProfileTVC.swift */ = {isa = PBXFileReference; fileEncoding = 4; lastKnownFileType = sourcecode.swift; path = CreateProfileTVC.swift; sourceTree = "<group>"; };
		9F7F72322685959A009C46E9 /* NotificationVC.swift */ = {isa = PBXFileReference; fileEncoding = 4; lastKnownFileType = sourcecode.swift; path = NotificationVC.swift; sourceTree = "<group>"; };
		9F7F72342685959A009C46E9 /* VerificationVC.swift */ = {isa = PBXFileReference; fileEncoding = 4; lastKnownFileType = sourcecode.swift; path = VerificationVC.swift; sourceTree = "<group>"; };
		9F7F72352685959A009C46E9 /* ForgotPasswordVC.swift */ = {isa = PBXFileReference; fileEncoding = 4; lastKnownFileType = sourcecode.swift; path = ForgotPasswordVC.swift; sourceTree = "<group>"; };
		9F7F72362685959A009C46E9 /* VerifyEmailVC.swift */ = {isa = PBXFileReference; fileEncoding = 4; lastKnownFileType = sourcecode.swift; path = VerifyEmailVC.swift; sourceTree = "<group>"; };
		9F7F72372685959A009C46E9 /* ChangePasswordVC.swift */ = {isa = PBXFileReference; fileEncoding = 4; lastKnownFileType = sourcecode.swift; path = ChangePasswordVC.swift; sourceTree = "<group>"; };
		9F7F72382685959A009C46E9 /* SignInVC.swift */ = {isa = PBXFileReference; fileEncoding = 4; lastKnownFileType = sourcecode.swift; path = SignInVC.swift; sourceTree = "<group>"; };
		9F7F72392685959A009C46E9 /* SignUpVC.swift */ = {isa = PBXFileReference; fileEncoding = 4; lastKnownFileType = sourcecode.swift; path = SignUpVC.swift; sourceTree = "<group>"; };
		9FD6CCF126846764002EF5BD /* Constants.swift */ = {isa = PBXFileReference; fileEncoding = 4; lastKnownFileType = sourcecode.swift; path = Constants.swift; sourceTree = "<group>"; };
		9FD6CCF226846764002EF5BD /* AppCell.swift */ = {isa = PBXFileReference; fileEncoding = 4; lastKnownFileType = sourcecode.swift; path = AppCell.swift; sourceTree = "<group>"; };
		9FD6CCF326846764002EF5BD /* AppUserDefaults.swift */ = {isa = PBXFileReference; fileEncoding = 4; lastKnownFileType = sourcecode.swift; path = AppUserDefaults.swift; sourceTree = "<group>"; };
		9FD6CCF426846764002EF5BD /* IAPManager.swift */ = {isa = PBXFileReference; fileEncoding = 4; lastKnownFileType = sourcecode.swift; path = IAPManager.swift; sourceTree = "<group>"; };
		9FD6CCF526846764002EF5BD /* ColorModel.swift */ = {isa = PBXFileReference; fileEncoding = 4; lastKnownFileType = sourcecode.swift; path = ColorModel.swift; sourceTree = "<group>"; };
		9FD6CCF726846764002EF5BD /* ImagePicker.swift */ = {isa = PBXFileReference; fileEncoding = 4; lastKnownFileType = sourcecode.swift; path = ImagePicker.swift; sourceTree = "<group>"; };
		9FD6CCF826846764002EF5BD /* VideoPicker.swift */ = {isa = PBXFileReference; fileEncoding = 4; lastKnownFileType = sourcecode.swift; path = VideoPicker.swift; sourceTree = "<group>"; };
		9FD6CCFA26846764002EF5BD /* UINavigationController+Ext.swift */ = {isa = PBXFileReference; fileEncoding = 4; lastKnownFileType = sourcecode.swift; path = "UINavigationController+Ext.swift"; sourceTree = "<group>"; };
		9FD6CCFB26846764002EF5BD /* String+Ext.swift */ = {isa = PBXFileReference; fileEncoding = 4; lastKnownFileType = sourcecode.swift; path = "String+Ext.swift"; sourceTree = "<group>"; };
		9FD6CCFC26846764002EF5BD /* UIView+Inspectable.swift */ = {isa = PBXFileReference; fileEncoding = 4; lastKnownFileType = sourcecode.swift; path = "UIView+Inspectable.swift"; sourceTree = "<group>"; };
		9FD6CCFD26846764002EF5BD /* Alert+Extension.swift */ = {isa = PBXFileReference; fileEncoding = 4; lastKnownFileType = sourcecode.swift; path = "Alert+Extension.swift"; sourceTree = "<group>"; };
		9FD6CCFE26846764002EF5BD /* UIKit+Ext.swift */ = {isa = PBXFileReference; fileEncoding = 4; lastKnownFileType = sourcecode.swift; path = "UIKit+Ext.swift"; sourceTree = "<group>"; };
		9FD6CCFF26846764002EF5BD /* UIController+Ext.swift */ = {isa = PBXFileReference; fileEncoding = 4; lastKnownFileType = sourcecode.swift; path = "UIController+Ext.swift"; sourceTree = "<group>"; };
		9FD6CD0026846764002EF5BD /* AppStoryboard.swift */ = {isa = PBXFileReference; fileEncoding = 4; lastKnownFileType = sourcecode.swift; path = AppStoryboard.swift; sourceTree = "<group>"; };
		9FD6CD0126846764002EF5BD /* AppSupport.swift */ = {isa = PBXFileReference; fileEncoding = 4; lastKnownFileType = sourcecode.swift; path = AppSupport.swift; sourceTree = "<group>"; };
		9FD6CD0226846764002EF5BD /* AppFonts.swift */ = {isa = PBXFileReference; fileEncoding = 4; lastKnownFileType = sourcecode.swift; path = AppFonts.swift; sourceTree = "<group>"; };
		9FD6CD46268489EB002EF5BD /* NetworkCaller.swift */ = {isa = PBXFileReference; fileEncoding = 4; lastKnownFileType = sourcecode.swift; path = NetworkCaller.swift; sourceTree = "<group>"; };
		9FD6CD47268489EB002EF5BD /* NetworkManager.swift */ = {isa = PBXFileReference; fileEncoding = 4; lastKnownFileType = sourcecode.swift; path = NetworkManager.swift; sourceTree = "<group>"; };
		9FD6CD48268489EB002EF5BD /* URLManager.swift */ = {isa = PBXFileReference; fileEncoding = 4; lastKnownFileType = sourcecode.swift; path = URLManager.swift; sourceTree = "<group>"; };
		9FD6CD9426848C7C002EF5BD /* UserConversation.swift */ = {isa = PBXFileReference; fileEncoding = 4; lastKnownFileType = sourcecode.swift; path = UserConversation.swift; sourceTree = "<group>"; };
		9FD6CD9526848C7C002EF5BD /* Zodic.swift */ = {isa = PBXFileReference; fileEncoding = 4; lastKnownFileType = sourcecode.swift; path = Zodic.swift; sourceTree = "<group>"; };
		9FD6CD9626848C7C002EF5BD /* MatchDetails.swift */ = {isa = PBXFileReference; fileEncoding = 4; lastKnownFileType = sourcecode.swift; path = MatchDetails.swift; sourceTree = "<group>"; };
		9FD6CD9726848C7D002EF5BD /* PassLocation.swift */ = {isa = PBXFileReference; fileEncoding = 4; lastKnownFileType = sourcecode.swift; path = PassLocation.swift; sourceTree = "<group>"; };
		9FD6CD9826848C7D002EF5BD /* InstagramMedia.swift */ = {isa = PBXFileReference; fileEncoding = 4; lastKnownFileType = sourcecode.swift; path = InstagramMedia.swift; sourceTree = "<group>"; };
		9FD6CD9926848C7D002EF5BD /* UserProfile.swift */ = {isa = PBXFileReference; fileEncoding = 4; lastKnownFileType = sourcecode.swift; path = UserProfile.swift; sourceTree = "<group>"; };
		9FD6CD9A26848C7D002EF5BD /* User.swift */ = {isa = PBXFileReference; fileEncoding = 4; lastKnownFileType = sourcecode.swift; path = User.swift; sourceTree = "<group>"; };
		9FD6CD9B26848C7D002EF5BD /* SubscriptionPlan.swift */ = {isa = PBXFileReference; fileEncoding = 4; lastKnownFileType = sourcecode.swift; path = SubscriptionPlan.swift; sourceTree = "<group>"; };
		9FD6CD9C26848C7D002EF5BD /* Notification.swift */ = {isa = PBXFileReference; fileEncoding = 4; lastKnownFileType = sourcecode.swift; path = Notification.swift; sourceTree = "<group>"; };
		9FD6CD9D26848C7D002EF5BD /* Filter.swift */ = {isa = PBXFileReference; fileEncoding = 4; lastKnownFileType = sourcecode.swift; path = Filter.swift; sourceTree = "<group>"; };
		9FD6CD9E26848C7D002EF5BD /* ReportReason.swift */ = {isa = PBXFileReference; fileEncoding = 4; lastKnownFileType = sourcecode.swift; path = ReportReason.swift; sourceTree = "<group>"; };
		9FD6CDAE26848D2A002EF5BD /* InstaCollectionCell.swift */ = {isa = PBXFileReference; fileEncoding = 4; lastKnownFileType = sourcecode.swift; path = InstaCollectionCell.swift; sourceTree = "<group>"; };
		9FD6CDAF26848D2A002EF5BD /* InstaCollectionCell.xib */ = {isa = PBXFileReference; fileEncoding = 4; lastKnownFileType = file.xib; path = InstaCollectionCell.xib; sourceTree = "<group>"; };
		9FD6CDB126848D2A002EF5BD /* FreshMatchesCell.swift */ = {isa = PBXFileReference; fileEncoding = 4; lastKnownFileType = sourcecode.swift; path = FreshMatchesCell.swift; sourceTree = "<group>"; };
		9FD6CDB226848D2A002EF5BD /* FreshMatchesCell.xib */ = {isa = PBXFileReference; fileEncoding = 4; lastKnownFileType = file.xib; path = FreshMatchesCell.xib; sourceTree = "<group>"; };
		9FD6CDB426848D2A002EF5BD /* SignCell.swift */ = {isa = PBXFileReference; fileEncoding = 4; lastKnownFileType = sourcecode.swift; path = SignCell.swift; sourceTree = "<group>"; };
		9FD6CDB526848D2A002EF5BD /* SignCell.xib */ = {isa = PBXFileReference; fileEncoding = 4; lastKnownFileType = file.xib; path = SignCell.xib; sourceTree = "<group>"; };
		9FD6CDB726848D2A002EF5BD /* KolodaOverlayView.swift */ = {isa = PBXFileReference; fileEncoding = 4; lastKnownFileType = sourcecode.swift; path = KolodaOverlayView.swift; sourceTree = "<group>"; };
		9FD6CDB826848D2A002EF5BD /* OverlayView.xib */ = {isa = PBXFileReference; fileEncoding = 4; lastKnownFileType = file.xib; path = OverlayView.xib; sourceTree = "<group>"; };
		9FD6CDBA26848D2A002EF5BD /* UserView.swift */ = {isa = PBXFileReference; fileEncoding = 4; lastKnownFileType = sourcecode.swift; path = UserView.swift; sourceTree = "<group>"; };
		9FD6CDBB26848D2A002EF5BD /* UserView.xib */ = {isa = PBXFileReference; fileEncoding = 4; lastKnownFileType = file.xib; path = UserView.xib; sourceTree = "<group>"; };
		9FD6CDBE26848D2A002EF5BD /* NotificationCell.xib */ = {isa = PBXFileReference; fileEncoding = 4; lastKnownFileType = file.xib; path = NotificationCell.xib; sourceTree = "<group>"; };
		9FD6CDBF26848D2A002EF5BD /* NotificationCell.swift */ = {isa = PBXFileReference; fileEncoding = 4; lastKnownFileType = sourcecode.swift; path = NotificationCell.swift; sourceTree = "<group>"; };
		9FD6CDC126848D2A002EF5BD /* ReportReasonCell.xib */ = {isa = PBXFileReference; fileEncoding = 4; lastKnownFileType = file.xib; path = ReportReasonCell.xib; sourceTree = "<group>"; };
		9FD6CDC226848D2A002EF5BD /* ReportReasonCell.swift */ = {isa = PBXFileReference; fileEncoding = 4; lastKnownFileType = sourcecode.swift; path = ReportReasonCell.swift; sourceTree = "<group>"; };
		9FD6CDC426848D2A002EF5BD /* UserChatCell.xib */ = {isa = PBXFileReference; fileEncoding = 4; lastKnownFileType = file.xib; path = UserChatCell.xib; sourceTree = "<group>"; };
		9FD6CDC526848D2A002EF5BD /* UserChatCell.swift */ = {isa = PBXFileReference; fileEncoding = 4; lastKnownFileType = sourcecode.swift; path = UserChatCell.swift; sourceTree = "<group>"; };
		9FD6CDD826848DB6002EF5BD /* GoogleService-Info.plist */ = {isa = PBXFileReference; fileEncoding = 4; lastKnownFileType = text.plist.xml; path = "GoogleService-Info.plist"; sourceTree = "<group>"; };
		9FD6CDDC26848DF0002EF5BD /* Report.storyboard */ = {isa = PBXFileReference; fileEncoding = 4; lastKnownFileType = file.storyboard; path = Report.storyboard; sourceTree = "<group>"; };
		9FD6CDDD26848DF0002EF5BD /* Upgrade.storyboard */ = {isa = PBXFileReference; fileEncoding = 4; lastKnownFileType = file.storyboard; path = Upgrade.storyboard; sourceTree = "<group>"; };
		9FD6CDDE26848DF0002EF5BD /* Profile.storyboard */ = {isa = PBXFileReference; fileEncoding = 4; lastKnownFileType = file.storyboard; path = Profile.storyboard; sourceTree = "<group>"; };
		9FD6CDE026848DF0002EF5BD /* Base */ = {isa = PBXFileReference; lastKnownFileType = file.storyboard; name = Base; path = Base.lproj/LaunchScreen.storyboard; sourceTree = "<group>"; };
		9FD6CDE226848DF0002EF5BD /* Base */ = {isa = PBXFileReference; lastKnownFileType = file.storyboard; name = Base; path = Base.lproj/Main.storyboard; sourceTree = "<group>"; };
		9FD6CDE326848DF0002EF5BD /* Login.storyboard */ = {isa = PBXFileReference; fileEncoding = 4; lastKnownFileType = file.storyboard; path = Login.storyboard; sourceTree = "<group>"; };
		9FD6CDE426848DF0002EF5BD /* Chat.storyboard */ = {isa = PBXFileReference; fileEncoding = 4; lastKnownFileType = file.storyboard; path = Chat.storyboard; sourceTree = "<group>"; };
		9FD6CDE526848DF0002EF5BD /* Discover.storyboard */ = {isa = PBXFileReference; fileEncoding = 4; lastKnownFileType = file.storyboard; path = Discover.storyboard; sourceTree = "<group>"; };
		9FD6CDF426848EF8002EF5BD /* Poppins-Light.ttf */ = {isa = PBXFileReference; lastKnownFileType = file; path = "Poppins-Light.ttf"; sourceTree = "<group>"; };
		9FD6CDF526848EF8002EF5BD /* Poppins-Medium.ttf */ = {isa = PBXFileReference; lastKnownFileType = file; path = "Poppins-Medium.ttf"; sourceTree = "<group>"; };
		9FD6CDF626848EF8002EF5BD /* Poppins-Regular.ttf */ = {isa = PBXFileReference; lastKnownFileType = file; path = "Poppins-Regular.ttf"; sourceTree = "<group>"; };
		9FD6CDF726848EF8002EF5BD /* Poppins-Bold.ttf */ = {isa = PBXFileReference; lastKnownFileType = file; path = "Poppins-Bold.ttf"; sourceTree = "<group>"; };
		9FD6CDF826848EF8002EF5BD /* Poppins-SemiBold.ttf */ = {isa = PBXFileReference; lastKnownFileType = file; path = "Poppins-SemiBold.ttf"; sourceTree = "<group>"; };
		9FF205B026944E0100AC5332 /* Setting.storyboard */ = {isa = PBXFileReference; lastKnownFileType = file.storyboard; path = Setting.storyboard; sourceTree = "<group>"; };
		9FF205B326945E4900AC5332 /* SettingVC.swift */ = {isa = PBXFileReference; lastKnownFileType = sourcecode.swift; path = SettingVC.swift; sourceTree = "<group>"; };
		D9F5AD948B2005A04BB9EEB2 /* Pods_Gethingd.framework */ = {isa = PBXFileReference; explicitFileType = wrapper.framework; includeInIndex = 0; path = Pods_Gethingd.framework; sourceTree = BUILT_PRODUCTS_DIR; };
/* End PBXFileReference section */

/* Begin PBXFrameworksBuildPhase section */
		183042C426720E8900E6A29A /* Frameworks */ = {
			isa = PBXFrameworksBuildPhase;
			buildActionMask = 2147483647;
			files = (
				6A28A73AB43CE01DE80F335B /* Pods_Gethingd.framework in Frameworks */,
			);
			runOnlyForDeploymentPostprocessing = 0;
		};
/* End PBXFrameworksBuildPhase section */

/* Begin PBXGroup section */
		1600C479654E47769FF29815 /* Pods */ = {
			isa = PBXGroup;
			children = (
				2CA5EC62CBB9378181B5FC41 /* Pods-Gethingd.debug.xcconfig */,
				65DFBE8CF9BFC095D90B1189 /* Pods-Gethingd.release.xcconfig */,
			);
			path = Pods;
			sourceTree = "<group>";
		};
		183042BE26720E8900E6A29A = {
			isa = PBXGroup;
			children = (
				183042C926720E8900E6A29A /* Gethingd */,
				183042C826720E8900E6A29A /* Products */,
				1600C479654E47769FF29815 /* Pods */,
				2E7B67C3CB8DF0C3C3D3C106 /* Frameworks */,
			);
			sourceTree = "<group>";
		};
		183042C826720E8900E6A29A /* Products */ = {
			isa = PBXGroup;
			children = (
				183042C726720E8900E6A29A /* Gethingd.app */,
			);
			name = Products;
			sourceTree = "<group>";
		};
		183042C926720E8900E6A29A /* Gethingd */ = {
			isa = PBXGroup;
			children = (
				183042CA26720E8900E6A29A /* AppDelegate.swift */,
				9FD6CCF026846764002EF5BD /* Helper */,
				9F7F72152685959A009C46E9 /* Controller */,
				9FD6CDDB26848DF0002EF5BD /* Interface */,
				9FD6CDAB26848D2A002EF5BD /* View */,
				9FD6CD9326848C7C002EF5BD /* Model */,
				9FD6CD45268489EA002EF5BD /* Networking */,
				9FD6CD43268489B5002EF5BD /* Thirdparty */,
				9FD6CD42268489A4002EF5BD /* Supporting */,
				9FD6CD4126848948002EF5BD /* Resources */,
			);
			path = Gethingd;
			sourceTree = "<group>";
		};
		2E7B67C3CB8DF0C3C3D3C106 /* Frameworks */ = {
			isa = PBXGroup;
			children = (
				D9F5AD948B2005A04BB9EEB2 /* Pods_Gethingd.framework */,
			);
			name = Frameworks;
			sourceTree = "<group>";
		};
		9F1F70C3268B597A00097F7E /* ReviewLater */ = {
			isa = PBXGroup;
			children = (
				9F1F70C0268B597500097F7E /* ReviewLaterVC.swift */,
			);
			path = ReviewLater;
			sourceTree = "<group>";
		};
		9F53C091269322B30058D21B /* UserDetailsTVC */ = {
			isa = PBXGroup;
			children = (
				9F53C08C269322AA0058D21B /* ProfilePhotoCollectionCell.swift */,
				9F53C08D269322AA0058D21B /* ProfilePhotoCollectionCell.xib */,
			);
			path = UserDetailsTVC;
			sourceTree = "<group>";
		};
		9F7F72152685959A009C46E9 /* Controller */ = {
			isa = PBXGroup;
			children = (
				9F7F72162685959A009C46E9 /* ReportVC */,
				9F7F72182685959A009C46E9 /* Upgrade */,
				9F7F721D2685959A009C46E9 /* Discover */,
				9F7F72232685959A009C46E9 /* Chat */,
				9F7F722B2685959A009C46E9 /* MainTabBarController.swift */,
				9F7F722C2685959A009C46E9 /* Profile */,
				9F7F72322685959A009C46E9 /* NotificationVC.swift */,
				9F7F72332685959A009C46E9 /* Login */,
				9F1F70C3268B597A00097F7E /* ReviewLater */,
				9FF205B326945E4900AC5332 /* SettingVC.swift */,
				9F6804B1269471F800C1C812 /* PolicyVerificationVC.swift */,
			);
			path = Controller;
			sourceTree = "<group>";
		};
		9F7F72162685959A009C46E9 /* ReportVC */ = {
			isa = PBXGroup;
			children = (
				9F7F72172685959A009C46E9 /* ReportVC.swift */,
			);
			path = ReportVC;
			sourceTree = "<group>";
		};
		9F7F72182685959A009C46E9 /* Upgrade */ = {
			isa = PBXGroup;
			children = (
				9F7F72192685959A009C46E9 /* UpdateNowVC.swift */,
				9F7F721A2685959A009C46E9 /* SuperLikeAddVC.swift */,
				9F7F721B2685959A009C46E9 /* UpgradePlanInfoVC.swift */,
				9F7F721C2685959A009C46E9 /* UpgradeVC.swift */,
			);
			path = Upgrade;
			sourceTree = "<group>";
		};
		9F7F721D2685959A009C46E9 /* Discover */ = {
			isa = PBXGroup;
			children = (
				9F7F721E2685959A009C46E9 /* UserDetailsTVC.swift */,
				9F7F721F2685959A009C46E9 /* InstagramFeedVC.swift */,
				9F7F72202685959A009C46E9 /* DiscoverVC.swift */,
				9F7F72212685959A009C46E9 /* FilterTVC.swift */,
				9F7F72222685959A009C46E9 /* MatchUserVC.swift */,
			);
			path = Discover;
			sourceTree = "<group>";
		};
		9F7F72232685959A009C46E9 /* Chat */ = {
			isa = PBXGroup;
			children = (
				9F7F72242685959A009C46E9 /* MessageKit */,
				9F7F722A2685959A009C46E9 /* ChatVC.swift */,
				9F6938D3268D7DE200C57FCF /* MatchesVC.swift */,
				9F6938D6268D7E3A00C57FCF /* MessageVC1.swift */,
				9F6938D9268D7E7A00C57FCF /* WholikedVC.swift */,
				9F6938DD268D80ED00C57FCF /* MainchatVC.swift */,
			);
			path = Chat;
			sourceTree = "<group>";
		};
		9F7F72242685959A009C46E9 /* MessageKit */ = {
			isa = PBXGroup;
			children = (
				9F7F72252685959A009C46E9 /* Message.swift */,
				9F7F72262685959A009C46E9 /* MessageVC.swift */,
				9F7F72272685959A009C46E9 /* ChatUser.swift */,
				9F7F72282685959A009C46E9 /* MessagesFlowLayout.swift */,
				9F7F72292685959A009C46E9 /* MessageCell.swift */,
			);
			path = MessageKit;
			sourceTree = "<group>";
		};
		9F7F722C2685959A009C46E9 /* Profile */ = {
			isa = PBXGroup;
			children = (
				9F7F722D2685959A009C46E9 /* ProfileTVC.swift */,
				9F7F722E2685959A009C46E9 /* CreateProfileTVC.swift */,
				9F48A6222692CB23007A6046 /* EditProfileVC.swift */,
				9F48A66F2692E4E0007A6046 /* TagListVC.swift */,
			);
			path = Profile;
			sourceTree = "<group>";
		};
		9F7F72332685959A009C46E9 /* Login */ = {
			isa = PBXGroup;
			children = (
				9F7F72342685959A009C46E9 /* VerificationVC.swift */,
				9F7F72352685959A009C46E9 /* ForgotPasswordVC.swift */,
				9F7F72362685959A009C46E9 /* VerifyEmailVC.swift */,
				9F7F72372685959A009C46E9 /* ChangePasswordVC.swift */,
				9F7F72382685959A009C46E9 /* SignInVC.swift */,
				9F7F72392685959A009C46E9 /* SignUpVC.swift */,
			);
			path = Login;
			sourceTree = "<group>";
		};
		9FD6CCF026846764002EF5BD /* Helper */ = {
			isa = PBXGroup;
			children = (
				9FD6CCF126846764002EF5BD /* Constants.swift */,
				9FD6CCF226846764002EF5BD /* AppCell.swift */,
				9FD6CCF326846764002EF5BD /* AppUserDefaults.swift */,
				9FD6CCF426846764002EF5BD /* IAPManager.swift */,
				9FD6CCF526846764002EF5BD /* ColorModel.swift */,
				9FD6CCF626846764002EF5BD /* MediaPicker */,
				9FD6CCF926846764002EF5BD /* Extention */,
				9FD6CD0026846764002EF5BD /* AppStoryboard.swift */,
				9FD6CD0126846764002EF5BD /* AppSupport.swift */,
				9FD6CD0226846764002EF5BD /* AppFonts.swift */,
			);
			path = Helper;
			sourceTree = "<group>";
		};
		9FD6CCF626846764002EF5BD /* MediaPicker */ = {
			isa = PBXGroup;
			children = (
				9FD6CCF726846764002EF5BD /* ImagePicker.swift */,
				9FD6CCF826846764002EF5BD /* VideoPicker.swift */,
			);
			path = MediaPicker;
			sourceTree = "<group>";
		};
		9FD6CCF926846764002EF5BD /* Extention */ = {
			isa = PBXGroup;
			children = (
				9FD6CCFA26846764002EF5BD /* UINavigationController+Ext.swift */,
				9FD6CCFB26846764002EF5BD /* String+Ext.swift */,
				9FD6CCFC26846764002EF5BD /* UIView+Inspectable.swift */,
				9FD6CCFD26846764002EF5BD /* Alert+Extension.swift */,
				9FD6CCFE26846764002EF5BD /* UIKit+Ext.swift */,
				9FD6CCFF26846764002EF5BD /* UIController+Ext.swift */,
			);
			path = Extention;
			sourceTree = "<group>";
		};
		9FD6CD4126848948002EF5BD /* Resources */ = {
			isa = PBXGroup;
			children = (
				9FD6CDF326848EF8002EF5BD /* Font */,
				183042D326720E8B00E6A29A /* Assets.xcassets */,
			);
			path = Resources;
			sourceTree = "<group>";
		};
		9FD6CD42268489A4002EF5BD /* Supporting */ = {
			isa = PBXGroup;
			children = (
				9FD6CDD826848DB6002EF5BD /* GoogleService-Info.plist */,
				183042D826720E8B00E6A29A /* Info.plist */,
			);
			path = Supporting;
			sourceTree = "<group>";
		};
		9FD6CD43268489B5002EF5BD /* Thirdparty */ = {
			isa = PBXGroup;
			children = (
			);
			path = Thirdparty;
			sourceTree = "<group>";
		};
		9FD6CD45268489EA002EF5BD /* Networking */ = {
			isa = PBXGroup;
			children = (
				9FD6CD46268489EB002EF5BD /* NetworkCaller.swift */,
				9FD6CD47268489EB002EF5BD /* NetworkManager.swift */,
				9FD6CD48268489EB002EF5BD /* URLManager.swift */,
			);
			path = Networking;
			sourceTree = "<group>";
		};
		9FD6CD9326848C7C002EF5BD /* Model */ = {
			isa = PBXGroup;
			children = (
				9FD6CD9426848C7C002EF5BD /* UserConversation.swift */,
				9FD6CD9526848C7C002EF5BD /* Zodic.swift */,
				9FD6CD9626848C7C002EF5BD /* MatchDetails.swift */,
				9FD6CD9726848C7D002EF5BD /* PassLocation.swift */,
				9FD6CD9826848C7D002EF5BD /* InstagramMedia.swift */,
				9FD6CD9926848C7D002EF5BD /* UserProfile.swift */,
				9FD6CD9A26848C7D002EF5BD /* User.swift */,
				9FD6CD9B26848C7D002EF5BD /* SubscriptionPlan.swift */,
				9FD6CD9C26848C7D002EF5BD /* Notification.swift */,
				9FD6CD9D26848C7D002EF5BD /* Filter.swift */,
				9FD6CD9E26848C7D002EF5BD /* ReportReason.swift */,
			);
			path = Model;
			sourceTree = "<group>";
		};
		9FD6CDAB26848D2A002EF5BD /* View */ = {
			isa = PBXGroup;
			children = (
				9FD6CDAC26848D2A002EF5BD /* CollectionViewCell */,
				9FD6CDB626848D2A002EF5BD /* OverlayView */,
				9FD6CDB926848D2A002EF5BD /* UserView */,
				9FD6CDBC26848D2A002EF5BD /* TableviewCell */,
				9F53C091269322B30058D21B /* UserDetailsTVC */,
			);
			path = View;
			sourceTree = "<group>";
		};
		9FD6CDAC26848D2A002EF5BD /* CollectionViewCell */ = {
			isa = PBXGroup;
			children = (
				9FD6CDAD26848D2A002EF5BD /* InstaCollectionCell */,
				9FD6CDB026848D2A002EF5BD /* FreshMatchesCell */,
				9FD6CDB326848D2A002EF5BD /* SignCell */,
			);
			path = CollectionViewCell;
			sourceTree = "<group>";
		};
		9FD6CDAD26848D2A002EF5BD /* InstaCollectionCell */ = {
			isa = PBXGroup;
			children = (
				9FD6CDAE26848D2A002EF5BD /* InstaCollectionCell.swift */,
				9FD6CDAF26848D2A002EF5BD /* InstaCollectionCell.xib */,
			);
			path = InstaCollectionCell;
			sourceTree = "<group>";
		};
		9FD6CDB026848D2A002EF5BD /* FreshMatchesCell */ = {
			isa = PBXGroup;
			children = (
				9FD6CDB126848D2A002EF5BD /* FreshMatchesCell.swift */,
				9FD6CDB226848D2A002EF5BD /* FreshMatchesCell.xib */,
			);
			path = FreshMatchesCell;
			sourceTree = "<group>";
		};
		9FD6CDB326848D2A002EF5BD /* SignCell */ = {
			isa = PBXGroup;
			children = (
				9FD6CDB426848D2A002EF5BD /* SignCell.swift */,
				9FD6CDB526848D2A002EF5BD /* SignCell.xib */,
			);
			path = SignCell;
			sourceTree = "<group>";
		};
		9FD6CDB626848D2A002EF5BD /* OverlayView */ = {
			isa = PBXGroup;
			children = (
				9FD6CDB726848D2A002EF5BD /* KolodaOverlayView.swift */,
				9FD6CDB826848D2A002EF5BD /* OverlayView.xib */,
			);
			path = OverlayView;
			sourceTree = "<group>";
		};
		9FD6CDB926848D2A002EF5BD /* UserView */ = {
			isa = PBXGroup;
			children = (
				9FD6CDBA26848D2A002EF5BD /* UserView.swift */,
				9FD6CDBB26848D2A002EF5BD /* UserView.xib */,
			);
			path = UserView;
			sourceTree = "<group>";
		};
		9FD6CDBC26848D2A002EF5BD /* TableviewCell */ = {
			isa = PBXGroup;
			children = (
				9FD6CDBD26848D2A002EF5BD /* NotificationCell */,
				9FD6CDC026848D2A002EF5BD /* ReportReasonCell */,
				9FD6CDC326848D2A002EF5BD /* UserChatVC */,
			);
			path = TableviewCell;
			sourceTree = "<group>";
		};
		9FD6CDBD26848D2A002EF5BD /* NotificationCell */ = {
			isa = PBXGroup;
			children = (
				9FD6CDBE26848D2A002EF5BD /* NotificationCell.xib */,
				9FD6CDBF26848D2A002EF5BD /* NotificationCell.swift */,
			);
			path = NotificationCell;
			sourceTree = "<group>";
		};
		9FD6CDC026848D2A002EF5BD /* ReportReasonCell */ = {
			isa = PBXGroup;
			children = (
				9FD6CDC126848D2A002EF5BD /* ReportReasonCell.xib */,
				9FD6CDC226848D2A002EF5BD /* ReportReasonCell.swift */,
			);
			path = ReportReasonCell;
			sourceTree = "<group>";
		};
		9FD6CDC326848D2A002EF5BD /* UserChatVC */ = {
			isa = PBXGroup;
			children = (
				9FD6CDC426848D2A002EF5BD /* UserChatCell.xib */,
				9FD6CDC526848D2A002EF5BD /* UserChatCell.swift */,
			);
			path = UserChatVC;
			sourceTree = "<group>";
		};
		9FD6CDDB26848DF0002EF5BD /* Interface */ = {
			isa = PBXGroup;
			children = (
				9FD6CDDC26848DF0002EF5BD /* Report.storyboard */,
				9FD6CDDD26848DF0002EF5BD /* Upgrade.storyboard */,
				9FD6CDDE26848DF0002EF5BD /* Profile.storyboard */,
				9FD6CDDF26848DF0002EF5BD /* LaunchScreen.storyboard */,
				9FD6CDE126848DF0002EF5BD /* Main.storyboard */,
				9FD6CDE326848DF0002EF5BD /* Login.storyboard */,
				9FD6CDE426848DF0002EF5BD /* Chat.storyboard */,
				9FD6CDE526848DF0002EF5BD /* Discover.storyboard */,
				9F1F70C7268B599700097F7E /* ReviewLater.storyboard */,
				9FF205B026944E0100AC5332 /* Setting.storyboard */,
			);
			path = Interface;
			sourceTree = "<group>";
		};
		9FD6CDF326848EF8002EF5BD /* Font */ = {
			isa = PBXGroup;
			children = (
				9FD6CDF426848EF8002EF5BD /* Poppins-Light.ttf */,
				9FD6CDF526848EF8002EF5BD /* Poppins-Medium.ttf */,
				9FD6CDF626848EF8002EF5BD /* Poppins-Regular.ttf */,
				9FD6CDF726848EF8002EF5BD /* Poppins-Bold.ttf */,
				9FD6CDF826848EF8002EF5BD /* Poppins-SemiBold.ttf */,
			);
			path = Font;
			sourceTree = "<group>";
		};
/* End PBXGroup section */

/* Begin PBXNativeTarget section */
		183042C626720E8900E6A29A /* Gethingd */ = {
			isa = PBXNativeTarget;
			buildConfigurationList = 183042DB26720E8B00E6A29A /* Build configuration list for PBXNativeTarget "Gethingd" */;
			buildPhases = (
				6F3B2ADF6CAC4525E69A1173 /* [CP] Check Pods Manifest.lock */,
				183042C326720E8900E6A29A /* Sources */,
				183042C426720E8900E6A29A /* Frameworks */,
				183042C526720E8900E6A29A /* Resources */,
				179008E9C20DDAD0F79707BF /* [CP] Embed Pods Frameworks */,
				720B66BB0C409C8BAFF5CF4F /* [CP] Copy Pods Resources */,
			);
			buildRules = (
			);
			dependencies = (
			);
			name = Gethingd;
			productName = Gethingd;
			productReference = 183042C726720E8900E6A29A /* Gethingd.app */;
			productType = "com.apple.product-type.application";
		};
/* End PBXNativeTarget section */

/* Begin PBXProject section */
		183042BF26720E8900E6A29A /* Project object */ = {
			isa = PBXProject;
			attributes = {
				LastSwiftUpdateCheck = 1230;
				LastUpgradeCheck = 1230;
				TargetAttributes = {
					183042C626720E8900E6A29A = {
						CreatedOnToolsVersion = 12.3;
					};
				};
			};
			buildConfigurationList = 183042C226720E8900E6A29A /* Build configuration list for PBXProject "Gethingd" */;
			compatibilityVersion = "Xcode 9.3";
			developmentRegion = en;
			hasScannedForEncodings = 0;
			knownRegions = (
				en,
				Base,
			);
			mainGroup = 183042BE26720E8900E6A29A;
			productRefGroup = 183042C826720E8900E6A29A /* Products */;
			projectDirPath = "";
			projectRoot = "";
			targets = (
				183042C626720E8900E6A29A /* Gethingd */,
			);
		};
/* End PBXProject section */

/* Begin PBXResourcesBuildPhase section */
		183042C526720E8900E6A29A /* Resources */ = {
			isa = PBXResourcesBuildPhase;
			buildActionMask = 2147483647;
			files = (
				9FD6CDCD26848D2A002EF5BD /* OverlayView.xib in Resources */,
				9FD6CDD026848D2A002EF5BD /* NotificationCell.xib in Resources */,
				183042D426720E8B00E6A29A /* Assets.xcassets in Resources */,
				9FD6CDCB26848D2A002EF5BD /* SignCell.xib in Resources */,
				9FD6CDD926848DB6002EF5BD /* GoogleService-Info.plist in Resources */,
				9FD6CDEA26848DF0002EF5BD /* Main.storyboard in Resources */,
				9FD6CDEB26848DF0002EF5BD /* Login.storyboard in Resources */,
				9F1F70C8268B599700097F7E /* ReviewLater.storyboard in Resources */,
				9FD6CDFC26848EF9002EF5BD /* Poppins-Bold.ttf in Resources */,
				9FD6CDE626848DF0002EF5BD /* Report.storyboard in Resources */,
				9FD6CDD426848D2A002EF5BD /* UserChatCell.xib in Resources */,
				9FD6CDFB26848EF9002EF5BD /* Poppins-Regular.ttf in Resources */,
				9FD6CDFA26848EF9002EF5BD /* Poppins-Medium.ttf in Resources */,
				9FD6CDE926848DF0002EF5BD /* LaunchScreen.storyboard in Resources */,
				9FD6CDF926848EF9002EF5BD /* Poppins-Light.ttf in Resources */,
				9FD6CDC926848D2A002EF5BD /* FreshMatchesCell.xib in Resources */,
				9FD6CDEC26848DF0002EF5BD /* Chat.storyboard in Resources */,
				9FD6CDD226848D2A002EF5BD /* ReportReasonCell.xib in Resources */,
				9FD6CDE726848DF0002EF5BD /* Upgrade.storyboard in Resources */,
				9FD6CDE826848DF0002EF5BD /* Profile.storyboard in Resources */,
				9FD6CDED26848DF0002EF5BD /* Discover.storyboard in Resources */,
				9FD6CDC726848D2A002EF5BD /* InstaCollectionCell.xib in Resources */,
				9FD6CDFD26848EF9002EF5BD /* Poppins-SemiBold.ttf in Resources */,
				9F53C08F269322AA0058D21B /* ProfilePhotoCollectionCell.xib in Resources */,
				9FD6CDCF26848D2A002EF5BD /* UserView.xib in Resources */,
				9FF205B126944E0100AC5332 /* Setting.storyboard in Resources */,
			);
			runOnlyForDeploymentPostprocessing = 0;
		};
/* End PBXResourcesBuildPhase section */

/* Begin PBXShellScriptBuildPhase section */
		179008E9C20DDAD0F79707BF /* [CP] Embed Pods Frameworks */ = {
			isa = PBXShellScriptBuildPhase;
			buildActionMask = 2147483647;
			files = (
			);
			inputFileListPaths = (
				"${PODS_ROOT}/Target Support Files/Pods-Gethingd/Pods-Gethingd-frameworks-${CONFIGURATION}-input-files.xcfilelist",
			);
			name = "[CP] Embed Pods Frameworks";
			outputFileListPaths = (
				"${PODS_ROOT}/Target Support Files/Pods-Gethingd/Pods-Gethingd-frameworks-${CONFIGURATION}-output-files.xcfilelist",
			);
			runOnlyForDeploymentPostprocessing = 0;
			shellPath = /bin/sh;
			shellScript = "\"${PODS_ROOT}/Target Support Files/Pods-Gethingd/Pods-Gethingd-frameworks.sh\"\n";
			showEnvVarsInLog = 0;
		};
		6F3B2ADF6CAC4525E69A1173 /* [CP] Check Pods Manifest.lock */ = {
			isa = PBXShellScriptBuildPhase;
			buildActionMask = 2147483647;
			files = (
			);
			inputFileListPaths = (
			);
			inputPaths = (
				"${PODS_PODFILE_DIR_PATH}/Podfile.lock",
				"${PODS_ROOT}/Manifest.lock",
			);
			name = "[CP] Check Pods Manifest.lock";
			outputFileListPaths = (
			);
			outputPaths = (
				"$(DERIVED_FILE_DIR)/Pods-Gethingd-checkManifestLockResult.txt",
			);
			runOnlyForDeploymentPostprocessing = 0;
			shellPath = /bin/sh;
			shellScript = "diff \"${PODS_PODFILE_DIR_PATH}/Podfile.lock\" \"${PODS_ROOT}/Manifest.lock\" > /dev/null\nif [ $? != 0 ] ; then\n    # print error to STDERR\n    echo \"error: The sandbox is not in sync with the Podfile.lock. Run 'pod install' or update your CocoaPods installation.\" >&2\n    exit 1\nfi\n# This output is used by Xcode 'outputs' to avoid re-running this script phase.\necho \"SUCCESS\" > \"${SCRIPT_OUTPUT_FILE_0}\"\n";
			showEnvVarsInLog = 0;
		};
		720B66BB0C409C8BAFF5CF4F /* [CP] Copy Pods Resources */ = {
			isa = PBXShellScriptBuildPhase;
			buildActionMask = 2147483647;
			files = (
			);
			inputFileListPaths = (
				"${PODS_ROOT}/Target Support Files/Pods-Gethingd/Pods-Gethingd-resources-${CONFIGURATION}-input-files.xcfilelist",
			);
			name = "[CP] Copy Pods Resources";
			outputFileListPaths = (
				"${PODS_ROOT}/Target Support Files/Pods-Gethingd/Pods-Gethingd-resources-${CONFIGURATION}-output-files.xcfilelist",
			);
			runOnlyForDeploymentPostprocessing = 0;
			shellPath = /bin/sh;
			shellScript = "\"${PODS_ROOT}/Target Support Files/Pods-Gethingd/Pods-Gethingd-resources.sh\"\n";
			showEnvVarsInLog = 0;
		};
/* End PBXShellScriptBuildPhase section */

/* Begin PBXSourcesBuildPhase section */
		183042C326720E8900E6A29A /* Sources */ = {
			isa = PBXSourcesBuildPhase;
			buildActionMask = 2147483647;
			files = (
				9F7F724B2685959B009C46E9 /* ProfileTVC.swift in Sources */,
				9FD6CD0626846764002EF5BD /* IAPManager.swift in Sources */,
				9F7F72432685959B009C46E9 /* MatchUserVC.swift in Sources */,
				9FD6CDA626848C7D002EF5BD /* SubscriptionPlan.swift in Sources */,
				9F7F723D2685959A009C46E9 /* UpgradePlanInfoVC.swift in Sources */,
				9FD6CD0D26846764002EF5BD /* Alert+Extension.swift in Sources */,
				9FD6CD0C26846764002EF5BD /* UIView+Inspectable.swift in Sources */,
				9FD6CDA326848C7D002EF5BD /* InstagramMedia.swift in Sources */,
				9F7F72442685959B009C46E9 /* Message.swift in Sources */,
				9F1F70C1268B597600097F7E /* ReviewLaterVC.swift in Sources */,
				9F7F72502685959B009C46E9 /* VerificationVC.swift in Sources */,
				9F7F72462685959B009C46E9 /* ChatUser.swift in Sources */,
				9FD6CDC626848D2A002EF5BD /* InstaCollectionCell.swift in Sources */,
				9F7F724A2685959B009C46E9 /* MainTabBarController.swift in Sources */,
				9F7F724F2685959B009C46E9 /* NotificationVC.swift in Sources */,
				9F6938DE268D80ED00C57FCF /* MainchatVC.swift in Sources */,
				9F7F723E2685959A009C46E9 /* UpgradeVC.swift in Sources */,
				9F7F723A2685959A009C46E9 /* ReportVC.swift in Sources */,
				9FD6CDCC26848D2A002EF5BD /* KolodaOverlayView.swift in Sources */,
				9F7F72412685959B009C46E9 /* DiscoverVC.swift in Sources */,
				9F6938DA268D7E7A00C57FCF /* WholikedVC.swift in Sources */,
				9F7F72452685959B009C46E9 /* MessageVC.swift in Sources */,
				9F7F723F2685959A009C46E9 /* UserDetailsTVC.swift in Sources */,
				9F6804B2269471F800C1C812 /* PolicyVerificationVC.swift in Sources */,
				9FD6CD9F26848C7D002EF5BD /* UserConversation.swift in Sources */,
				9FD6CDA126848C7D002EF5BD /* MatchDetails.swift in Sources */,
				9FD6CD0726846764002EF5BD /* ColorModel.swift in Sources */,
				9FD6CDCA26848D2A002EF5BD /* SignCell.swift in Sources */,
				9FD6CD0926846764002EF5BD /* VideoPicker.swift in Sources */,
				9F48A6232692CB23007A6046 /* EditProfileVC.swift in Sources */,
				9F7F72542685959B009C46E9 /* SignInVC.swift in Sources */,
				9F7F723C2685959A009C46E9 /* SuperLikeAddVC.swift in Sources */,
				9F7F72472685959B009C46E9 /* MessagesFlowLayout.swift in Sources */,
				9FD6CD49268489EB002EF5BD /* NetworkCaller.swift in Sources */,
				9FD6CD0426846764002EF5BD /* AppCell.swift in Sources */,
				9FD6CDA526848C7D002EF5BD /* User.swift in Sources */,
				9FD6CDA026848C7D002EF5BD /* Zodic.swift in Sources */,
				9FD6CD1126846764002EF5BD /* AppSupport.swift in Sources */,
				9FD6CDA426848C7D002EF5BD /* UserProfile.swift in Sources */,
				9FD6CDA826848C7D002EF5BD /* Filter.swift in Sources */,
				9F6938D4268D7DE200C57FCF /* MatchesVC.swift in Sources */,
				9F7F72522685959B009C46E9 /* VerifyEmailVC.swift in Sources */,
				9FF205B426945E4900AC5332 /* SettingVC.swift in Sources */,
				9FD6CDD126848D2A002EF5BD /* NotificationCell.swift in Sources */,
				9FD6CDC826848D2A002EF5BD /* FreshMatchesCell.swift in Sources */,
				9FD6CD0F26846764002EF5BD /* UIController+Ext.swift in Sources */,
				9F7F72402685959A009C46E9 /* InstagramFeedVC.swift in Sources */,
				9F7F72422685959B009C46E9 /* FilterTVC.swift in Sources */,
				9FD6CD1026846764002EF5BD /* AppStoryboard.swift in Sources */,
				9FD6CDD526848D2A002EF5BD /* UserChatCell.swift in Sources */,
				183042CB26720E8900E6A29A /* AppDelegate.swift in Sources */,
				9FD6CDD326848D2A002EF5BD /* ReportReasonCell.swift in Sources */,
				9F7F72492685959B009C46E9 /* ChatVC.swift in Sources */,
				9F48A6702692E4E0007A6046 /* TagListVC.swift in Sources */,
				9FD6CD4A268489EB002EF5BD /* NetworkManager.swift in Sources */,
				9F7F724C2685959B009C46E9 /* CreateProfileTVC.swift in Sources */,
				9FD6CDA226848C7D002EF5BD /* PassLocation.swift in Sources */,
				9FD6CD0A26846764002EF5BD /* UINavigationController+Ext.swift in Sources */,
				9F7F72512685959B009C46E9 /* ForgotPasswordVC.swift in Sources */,
				9FD6CD1226846764002EF5BD /* AppFonts.swift in Sources */,
				9FD6CD0826846764002EF5BD /* ImagePicker.swift in Sources */,
				9FD6CD0E26846764002EF5BD /* UIKit+Ext.swift in Sources */,
				9FD6CD0526846764002EF5BD /* AppUserDefaults.swift in Sources */,
				9F6938D7268D7E3A00C57FCF /* MessageVC1.swift in Sources */,
				9F53C08E269322AA0058D21B /* ProfilePhotoCollectionCell.swift in Sources */,
				9FD6CDA726848C7D002EF5BD /* Notification.swift in Sources */,
				9F7F72532685959B009C46E9 /* ChangePasswordVC.swift in Sources */,
				9F7F72552685959B009C46E9 /* SignUpVC.swift in Sources */,
				9FD6CDA926848C7D002EF5BD /* ReportReason.swift in Sources */,
				9FD6CD0326846764002EF5BD /* Constants.swift in Sources */,
				9FD6CD0B26846764002EF5BD /* String+Ext.swift in Sources */,
				9FD6CDCE26848D2A002EF5BD /* UserView.swift in Sources */,
				9FD6CD4B268489EB002EF5BD /* URLManager.swift in Sources */,
				9F7F723B2685959A009C46E9 /* UpdateNowVC.swift in Sources */,
				9F7F72482685959B009C46E9 /* MessageCell.swift in Sources */,
			);
			runOnlyForDeploymentPostprocessing = 0;
		};
/* End PBXSourcesBuildPhase section */

/* Begin PBXVariantGroup section */
		9FD6CDDF26848DF0002EF5BD /* LaunchScreen.storyboard */ = {
			isa = PBXVariantGroup;
			children = (
				9FD6CDE026848DF0002EF5BD /* Base */,
			);
			name = LaunchScreen.storyboard;
			sourceTree = "<group>";
		};
		9FD6CDE126848DF0002EF5BD /* Main.storyboard */ = {
			isa = PBXVariantGroup;
			children = (
				9FD6CDE226848DF0002EF5BD /* Base */,
			);
			name = Main.storyboard;
			sourceTree = "<group>";
		};
/* End PBXVariantGroup section */

/* Begin XCBuildConfiguration section */
		183042D926720E8B00E6A29A /* Debug */ = {
			isa = XCBuildConfiguration;
			buildSettings = {
				ALWAYS_SEARCH_USER_PATHS = NO;
				CLANG_ANALYZER_NONNULL = YES;
				CLANG_ANALYZER_NUMBER_OBJECT_CONVERSION = YES_AGGRESSIVE;
				CLANG_CXX_LANGUAGE_STANDARD = "gnu++14";
				CLANG_CXX_LIBRARY = "libc++";
				CLANG_ENABLE_MODULES = YES;
				CLANG_ENABLE_OBJC_ARC = YES;
				CLANG_ENABLE_OBJC_WEAK = YES;
				CLANG_WARN_BLOCK_CAPTURE_AUTORELEASING = YES;
				CLANG_WARN_BOOL_CONVERSION = YES;
				CLANG_WARN_COMMA = YES;
				CLANG_WARN_CONSTANT_CONVERSION = YES;
				CLANG_WARN_DEPRECATED_OBJC_IMPLEMENTATIONS = YES;
				CLANG_WARN_DIRECT_OBJC_ISA_USAGE = YES_ERROR;
				CLANG_WARN_DOCUMENTATION_COMMENTS = YES;
				CLANG_WARN_EMPTY_BODY = YES;
				CLANG_WARN_ENUM_CONVERSION = YES;
				CLANG_WARN_INFINITE_RECURSION = YES;
				CLANG_WARN_INT_CONVERSION = YES;
				CLANG_WARN_NON_LITERAL_NULL_CONVERSION = YES;
				CLANG_WARN_OBJC_IMPLICIT_RETAIN_SELF = YES;
				CLANG_WARN_OBJC_LITERAL_CONVERSION = YES;
				CLANG_WARN_OBJC_ROOT_CLASS = YES_ERROR;
				CLANG_WARN_QUOTED_INCLUDE_IN_FRAMEWORK_HEADER = YES;
				CLANG_WARN_RANGE_LOOP_ANALYSIS = YES;
				CLANG_WARN_STRICT_PROTOTYPES = YES;
				CLANG_WARN_SUSPICIOUS_MOVE = YES;
				CLANG_WARN_UNGUARDED_AVAILABILITY = YES_AGGRESSIVE;
				CLANG_WARN_UNREACHABLE_CODE = YES;
				CLANG_WARN__DUPLICATE_METHOD_MATCH = YES;
				COPY_PHASE_STRIP = NO;
				DEBUG_INFORMATION_FORMAT = dwarf;
				ENABLE_STRICT_OBJC_MSGSEND = YES;
				ENABLE_TESTABILITY = YES;
				GCC_C_LANGUAGE_STANDARD = gnu11;
				GCC_DYNAMIC_NO_PIC = NO;
				GCC_NO_COMMON_BLOCKS = YES;
				GCC_OPTIMIZATION_LEVEL = 0;
				GCC_PREPROCESSOR_DEFINITIONS = (
					"DEBUG=1",
					"$(inherited)",
				);
				GCC_WARN_64_TO_32_BIT_CONVERSION = YES;
				GCC_WARN_ABOUT_RETURN_TYPE = YES_ERROR;
				GCC_WARN_UNDECLARED_SELECTOR = YES;
				GCC_WARN_UNINITIALIZED_AUTOS = YES_AGGRESSIVE;
				GCC_WARN_UNUSED_FUNCTION = YES;
				GCC_WARN_UNUSED_VARIABLE = YES;
				IPHONEOS_DEPLOYMENT_TARGET = 14.3;
				MTL_ENABLE_DEBUG_INFO = INCLUDE_SOURCE;
				MTL_FAST_MATH = YES;
				ONLY_ACTIVE_ARCH = YES;
				SDKROOT = iphoneos;
				SWIFT_ACTIVE_COMPILATION_CONDITIONS = DEBUG;
				SWIFT_OPTIMIZATION_LEVEL = "-Onone";
			};
			name = Debug;
		};
		183042DA26720E8B00E6A29A /* Release */ = {
			isa = XCBuildConfiguration;
			buildSettings = {
				ALWAYS_SEARCH_USER_PATHS = NO;
				CLANG_ANALYZER_NONNULL = YES;
				CLANG_ANALYZER_NUMBER_OBJECT_CONVERSION = YES_AGGRESSIVE;
				CLANG_CXX_LANGUAGE_STANDARD = "gnu++14";
				CLANG_CXX_LIBRARY = "libc++";
				CLANG_ENABLE_MODULES = YES;
				CLANG_ENABLE_OBJC_ARC = YES;
				CLANG_ENABLE_OBJC_WEAK = YES;
				CLANG_WARN_BLOCK_CAPTURE_AUTORELEASING = YES;
				CLANG_WARN_BOOL_CONVERSION = YES;
				CLANG_WARN_COMMA = YES;
				CLANG_WARN_CONSTANT_CONVERSION = YES;
				CLANG_WARN_DEPRECATED_OBJC_IMPLEMENTATIONS = YES;
				CLANG_WARN_DIRECT_OBJC_ISA_USAGE = YES_ERROR;
				CLANG_WARN_DOCUMENTATION_COMMENTS = YES;
				CLANG_WARN_EMPTY_BODY = YES;
				CLANG_WARN_ENUM_CONVERSION = YES;
				CLANG_WARN_INFINITE_RECURSION = YES;
				CLANG_WARN_INT_CONVERSION = YES;
				CLANG_WARN_NON_LITERAL_NULL_CONVERSION = YES;
				CLANG_WARN_OBJC_IMPLICIT_RETAIN_SELF = YES;
				CLANG_WARN_OBJC_LITERAL_CONVERSION = YES;
				CLANG_WARN_OBJC_ROOT_CLASS = YES_ERROR;
				CLANG_WARN_QUOTED_INCLUDE_IN_FRAMEWORK_HEADER = YES;
				CLANG_WARN_RANGE_LOOP_ANALYSIS = YES;
				CLANG_WARN_STRICT_PROTOTYPES = YES;
				CLANG_WARN_SUSPICIOUS_MOVE = YES;
				CLANG_WARN_UNGUARDED_AVAILABILITY = YES_AGGRESSIVE;
				CLANG_WARN_UNREACHABLE_CODE = YES;
				CLANG_WARN__DUPLICATE_METHOD_MATCH = YES;
				COPY_PHASE_STRIP = NO;
				DEBUG_INFORMATION_FORMAT = "dwarf-with-dsym";
				ENABLE_NS_ASSERTIONS = NO;
				ENABLE_STRICT_OBJC_MSGSEND = YES;
				GCC_C_LANGUAGE_STANDARD = gnu11;
				GCC_NO_COMMON_BLOCKS = YES;
				GCC_WARN_64_TO_32_BIT_CONVERSION = YES;
				GCC_WARN_ABOUT_RETURN_TYPE = YES_ERROR;
				GCC_WARN_UNDECLARED_SELECTOR = YES;
				GCC_WARN_UNINITIALIZED_AUTOS = YES_AGGRESSIVE;
				GCC_WARN_UNUSED_FUNCTION = YES;
				GCC_WARN_UNUSED_VARIABLE = YES;
				IPHONEOS_DEPLOYMENT_TARGET = 14.3;
				MTL_ENABLE_DEBUG_INFO = NO;
				MTL_FAST_MATH = YES;
				SDKROOT = iphoneos;
				SWIFT_COMPILATION_MODE = wholemodule;
				SWIFT_OPTIMIZATION_LEVEL = "-O";
				VALIDATE_PRODUCT = YES;
			};
			name = Release;
		};
		183042DC26720E8B00E6A29A /* Debug */ = {
			isa = XCBuildConfiguration;
			baseConfigurationReference = 2CA5EC62CBB9378181B5FC41 /* Pods-Gethingd.debug.xcconfig */;
			buildSettings = {
				ASSETCATALOG_COMPILER_APPICON_NAME = AppIcon;
				ASSETCATALOG_COMPILER_GLOBAL_ACCENT_COLOR_NAME = AccentColor;
				CODE_SIGN_STYLE = Automatic;
				INFOPLIST_FILE = Gethingd/Supporting/Info.plist;
				IPHONEOS_DEPLOYMENT_TARGET = 11.1;
				LD_RUNPATH_SEARCH_PATHS = (
					"$(inherited)",
					"@executable_path/Frameworks",
				);
				PRODUCT_BUNDLE_IDENTIFIER = com.gethingd;
				PRODUCT_NAME = "$(TARGET_NAME)";
				SWIFT_VERSION = 5.0;
				TARGETED_DEVICE_FAMILY = 1;
			};
			name = Debug;
		};
		183042DD26720E8B00E6A29A /* Release */ = {
			isa = XCBuildConfiguration;
			baseConfigurationReference = 65DFBE8CF9BFC095D90B1189 /* Pods-Gethingd.release.xcconfig */;
			buildSettings = {
				ASSETCATALOG_COMPILER_APPICON_NAME = AppIcon;
				ASSETCATALOG_COMPILER_GLOBAL_ACCENT_COLOR_NAME = AccentColor;
				CODE_SIGN_STYLE = Automatic;
				INFOPLIST_FILE = Gethingd/Supporting/Info.plist;
				IPHONEOS_DEPLOYMENT_TARGET = 11.1;
				LD_RUNPATH_SEARCH_PATHS = (
					"$(inherited)",
					"@executable_path/Frameworks",
				);
				PRODUCT_BUNDLE_IDENTIFIER = com.gethingd;
				PRODUCT_NAME = "$(TARGET_NAME)";
				SWIFT_VERSION = 5.0;
				TARGETED_DEVICE_FAMILY = 1;
			};
			name = Release;
		};
/* End XCBuildConfiguration section */

/* Begin XCConfigurationList section */
		183042C226720E8900E6A29A /* Build configuration list for PBXProject "Gethingd" */ = {
			isa = XCConfigurationList;
			buildConfigurations = (
				183042D926720E8B00E6A29A /* Debug */,
				183042DA26720E8B00E6A29A /* Release */,
			);
			defaultConfigurationIsVisible = 0;
			defaultConfigurationName = Release;
		};
		183042DB26720E8B00E6A29A /* Build configuration list for PBXNativeTarget "Gethingd" */ = {
			isa = XCConfigurationList;
			buildConfigurations = (
				183042DC26720E8B00E6A29A /* Debug */,
				183042DD26720E8B00E6A29A /* Release */,
			);
			defaultConfigurationIsVisible = 0;
			defaultConfigurationName = Release;
		};
/* End XCConfigurationList section */
	};
	rootObject = 183042BF26720E8900E6A29A /* Project object */;
}
